
Microsoft Visual Studio Solution File, Format Version 12.00
# Visual Studio Version 17
VisualStudioVersion = 17.6.33815.320
MinimumVisualStudioVersion = 10.0.40219.1
Project("{9A19103F-16F7-4668-BE54-9A1E7A4F7556}") = "RabbitMQDelayApp.Shared", "RabbitMQDelayApp.Shared\RabbitMQDelayApp.Shared.csproj", "{3CDE2B04-F6CD-4040-A9F4-23CAA8BD631F}"
EndProject
Project("{9A19103F-16F7-4668-BE54-9A1E7A4F7556}") = "RabbitMQDelayAppSender", "RabbitMQDelayAppSender\RabbitMQDelayAppSender.csproj", "{A39E023D-FE62-45CA-A4EA-E0EC8179C715}"
EndProject
Project("{FAE04EC0-301F-11D3-BF4B-00C04F79EFBC}") = "RabbitMQDelayAppReceiver", "RabbitMQDelayAppReceiver\RabbitMQDelayAppReceiver.csproj", "{A7A7C8ED-0BBC-C750-AE09-243C1733DEA2}"
EndProject
Global
	GlobalSection(SolutionConfigurationPlatforms) = preSolution
		Debug|Any CPU = Debug|Any CPU
		Release|Any CPU = Release|Any CPU
	EndGlobalSection
	GlobalSection(ProjectConfigurationPlatforms) = postSolution
		{3CDE2B04-F6CD-4040-A9F4-23CAA8BD631F}.Debug|Any CPU.ActiveCfg = Debug|Any CPU
		{3CDE2B04-F6CD-4040-A9F4-23CAA8BD631F}.Debug|Any CPU.Build.0 = Debug|Any CPU
		{3CDE2B04-F6CD-4040-A9F4-23CAA8BD631F}.Release|Any CPU.ActiveCfg = Release|Any CPU
		{3CDE2B04-F6CD-4040-A9F4-23CAA8BD631F}.Release|Any CPU.Build.0 = Release|Any CPU
		{A39E023D-FE62-45CA-A4EA-E0EC8179C715}.Debug|Any CPU.ActiveCfg = Debug|Any CPU
		{A39E023D-FE62-45CA-A4EA-E0EC8179C715}.Debug|Any CPU.Build.0 = Debug|Any CPU
		{A39E023D-FE62-45CA-A4EA-E0EC8179C715}.Release|Any CPU.ActiveCfg = Release|Any CPU
		{A39E023D-FE62-45CA-A4EA-E0EC8179C715}.Release|Any CPU.Build.0 = Release|Any CPU
		{A7A7C8ED-0BBC-C750-AE09-243C1733DEA2}.Debug|Any CPU.ActiveCfg = Debug|Any CPU
		{A7A7C8ED-0BBC-C750-AE09-243C1733DEA2}.Debug|Any CPU.Build.0 = Debug|Any CPU
		{A7A7C8ED-0BBC-C750-AE09-243C1733DEA2}.Release|Any CPU.ActiveCfg = Release|Any CPU
		{A7A7C8ED-0BBC-C750-AE09-243C1733DEA2}.Release|Any CPU.Build.0 = Release|Any CPU
	EndGlobalSection
	GlobalSection(SolutionProperties) = preSolution
		HideSolutionNode = FALSE
	EndGlobalSection
	GlobalSection(ExtensibilityGlobals) = postSolution
		SolutionGuid = {D97F4667-B734-46F5-92A8-E19F8AA38A88}
	EndGlobalSection
EndGlobal
